PODS:
  - Alamofire (3.2.1)
  - Realm (0.98.3):
    - Realm/Headers (= 0.98.3)
  - Realm/Headers (0.98.3)
  - RealmSwift (0.98.3):
    - Realm (= 0.98.3)
  - SDWebImage (3.7.5):
    - SDWebImage/Core (= 3.7.5)
  - SDWebImage/Core (3.7.5)
  - SVProgressHUD (1.1.3)
  - SwiftTask (4.2.0)
  - SWXMLHash (2.1.0)
  - UIActivityIndicator-for-SDWebImage (1.2):
    - SDWebImage (~> 3.7)

DEPENDENCIES:
  - Alamofire
  - RealmSwift
  - SDWebImage
  - SVProgressHUD
  - SwiftTask
  - SWXMLHash
  - UIActivityIndicator-for-SDWebImage

SPEC CHECKSUMS:
  Alamofire: f11d8624a05f5d39e0c99309b3e600a3ba64298a
  Realm: c6a7d00221a2d5177810a674aebd40c5e0b70b0f
  RealmSwift: d6ecad6e4c2a645d6ac956c2c7e9efb375f39c31
  SDWebImage: 69c6303e3348fba97e03f65d65d4fbc26740f461
  SVProgressHUD: 748080e4f36e603f6c02aec292664239df5279c1
  SwiftTask: 7b0e7d26f4461442219d2cee1bff82830f8c1d34
  SWXMLHash: 7257a358b3ab2f7a209e0b4e4cf552e8b6df5f0f
  UIActivityIndicator-for-SDWebImage: 7bf7ebbf0ed1747dedc0d6e949c4603a6d0f9e0c

COCOAPODS: 0.39.0
