// !$*UTF8*$!
{
	archiveVersion = 1;
	classes = {
	};
	objectVersion = 46;
	objects = {

/* Begin PBXBuildFile section */
		6A54BEFBA0688EAF8F5A6453 /* Pods_SimpleRSSReaderTests.framework in Frameworks */ = {isa = PBXBuildFile; fileRef = FB0CC91EC10556E827908FE0 /* Pods_SimpleRSSReaderTests.framework */; };
		75CF0FE95436B28AA89CFBA8 /* Pods.framework in Frameworks */ = {isa = PBXBuildFile; fileRef = A807E8977E819B96A00AB410 /* Pods.framework */; };
		B92EBA051C9B9E4A00682E1E /* FeedList.storyboard in Resources */ = {isa = PBXBuildFile; fileRef = B92EBA041C9B9E4A00682E1E /* FeedList.storyboard */; };
		B92EBA071C9B9E5600682E1E /* EntryList.storyboard in Resources */ = {isa = PBXBuildFile; fileRef = B92EBA061C9B9E5600682E1E /* EntryList.storyboard */; };
		B92EBA451CA02BB800682E1E /* test_sample_atom.xml in Resources */ = {isa = PBXBuildFile; fileRef = B92EBA431CA02BB800682E1E /* test_sample_atom.xml */; };
		B92EBA461CA02BB800682E1E /* test_sample_rss2.0.xml in Resources */ = {isa = PBXBuildFile; fileRef = B92EBA441CA02BB800682E1E /* test_sample_rss2.0.xml */; };
		B92EBA481CA0356400682E1E /* XMLFeedTransformerTests.swift in Sources */ = {isa = PBXBuildFile; fileRef = B92EBA471CA0356400682E1E /* XMLFeedTransformerTests.swift */; };
		B92EBA4D1CA03A5400682E1E /* TestCaseBase.swift in Sources */ = {isa = PBXBuildFile; fileRef = B92EBA4C1CA03A5400682E1E /* TestCaseBase.swift */; };
		B92EBA501CA03C7500682E1E /* FeedTests.swift in Sources */ = {isa = PBXBuildFile; fileRef = B92EBA4F1CA03C7500682E1E /* FeedTests.swift */; };
		B947782D1C895995005D9380 /* SimpleRSSReaderTests.swift in Sources */ = {isa = PBXBuildFile; fileRef = B947782C1C895995005D9380 /* SimpleRSSReaderTests.swift */; };
		B94778381C895995005D9380 /* SimpleRSSReaderUITests.swift in Sources */ = {isa = PBXBuildFile; fileRef = B94778371C895995005D9380 /* SimpleRSSReaderUITests.swift */; };
		B947784F1C895A0D005D9380 /* Assets.xcassets in Resources */ = {isa = PBXBuildFile; fileRef = B947784B1C895A0D005D9380 /* Assets.xcassets */; };
		B94778511C895A0D005D9380 /* LaunchScreen.storyboard in Resources */ = {isa = PBXBuildFile; fileRef = B947784D1C895A0D005D9380 /* LaunchScreen.storyboard */; };
		B94778541C895A1E005D9380 /* AppDelegate.swift in Sources */ = {isa = PBXBuildFile; fileRef = B94778531C895A1E005D9380 /* AppDelegate.swift */; };
		B9596C491C905D2E0045227C /* XMLFeedTransformerTransformAtomTests.swift in Sources */ = {isa = PBXBuildFile; fileRef = B9596C481C905D2E0045227C /* XMLFeedTransformerTransformAtomTests.swift */; };
		B9596C4B1C9066D70045227C /* FeedManager.swift in Sources */ = {isa = PBXBuildFile; fileRef = B9596C4A1C9066D70045227C /* FeedManager.swift */; };
		B995441D1C8DBCBF00ABD259 /* Entry.swift in Sources */ = {isa = PBXBuildFile; fileRef = B995441C1C8DBCBF00ABD259 /* Entry.swift */; };
		B995441F1C8DBCCF00ABD259 /* Feed.swift in Sources */ = {isa = PBXBuildFile; fileRef = B995441E1C8DBCCF00ABD259 /* Feed.swift */; };
		B99544261C8DBD4400ABD259 /* XMLFeedTransformable.swift in Sources */ = {isa = PBXBuildFile; fileRef = B99544251C8DBD4400ABD259 /* XMLFeedTransformable.swift */; };
		B99544281C8DBD4D00ABD259 /* XMLFeedTransformer.swift in Sources */ = {isa = PBXBuildFile; fileRef = B99544271C8DBD4D00ABD259 /* XMLFeedTransformer.swift */; };
		B995442C1C8F18C800ABD259 /* XMLFeedTransformerTransformRSSTests.swift in Sources */ = {isa = PBXBuildFile; fileRef = B995442B1C8F18C800ABD259 /* XMLFeedTransformerTransformRSSTests.swift */; };
		B9AE26071C96F99C009FB765 /* FeedListViewController.swift in Sources */ = {isa = PBXBuildFile; fileRef = B9AE26061C96F99C009FB765 /* FeedListViewController.swift */; };
		B9AE26091C96F9A6009FB765 /* EntryListViewController.swift in Sources */ = {isa = PBXBuildFile; fileRef = B9AE26081C96F9A6009FB765 /* EntryListViewController.swift */; };
		B9AE260B1C999754009FB765 /* RealmResultsControllerDefaultDelegate.swift in Sources */ = {isa = PBXBuildFile; fileRef = B9AE260A1C999754009FB765 /* RealmResultsControllerDefaultDelegate.swift */; };
		B9AE260D1C99A5E1009FB765 /* EntryListCellView.swift in Sources */ = {isa = PBXBuildFile; fileRef = B9AE260C1C99A5E1009FB765 /* EntryListCellView.swift */; };
		B9AE26111C9AE418009FB765 /* FeedListViewCell.swift in Sources */ = {isa = PBXBuildFile; fileRef = B9AE26101C9AE418009FB765 /* FeedListViewCell.swift */; };
/* End PBXBuildFile section */

/* Begin PBXContainerItemProxy section */
		B94778291C895995005D9380 /* PBXContainerItemProxy */ = {
			isa = PBXContainerItemProxy;
			containerPortal = B947780C1C895994005D9380 /* Project object */;
			proxyType = 1;
			remoteGlobalIDString = B94778131C895994005D9380;
			remoteInfo = SimpleRSSReader;
		};
		B94778341C895995005D9380 /* PBXContainerItemProxy */ = {
			isa = PBXContainerItemProxy;
			containerPortal = B947780C1C895994005D9380 /* Project object */;
			proxyType = 1;
			remoteGlobalIDString = B94778131C895994005D9380;
			remoteInfo = SimpleRSSReader;
		};
/* End PBXContainerItemProxy section */

/* Begin PBXFileReference section */
		2DD26316B775F6945447F0EE /* Pods.debug.xcconfig */ = {isa = PBXFileReference; includeInIndex = 1; lastKnownFileType = text.xcconfig; name = Pods.debug.xcconfig; path = "Pods/Target Support Files/Pods/Pods.debug.xcconfig"; sourceTree = "<group>"; };
		3F867ADA3E4885AEF062F6C2 /* Pods-SimpleRSSReaderTests.release.xcconfig */ = {isa = PBXFileReference; includeInIndex = 1; lastKnownFileType = text.xcconfig; name = "Pods-SimpleRSSReaderTests.release.xcconfig"; path = "Pods/Target Support Files/Pods-SimpleRSSReaderTests/Pods-SimpleRSSReaderTests.release.xcconfig"; sourceTree = "<group>"; };
		687710A9FB3FE9F2582FF0C9 /* Pods.release.xcconfig */ = {isa = PBXFileReference; includeInIndex = 1; lastKnownFileType = text.xcconfig; name = Pods.release.xcconfig; path = "Pods/Target Support Files/Pods/Pods.release.xcconfig"; sourceTree = "<group>"; };
		787861779C70CED9E5E4FD9E /* Pods-SimpleRSSReaderTests.debug.xcconfig */ = {isa = PBXFileReference; includeInIndex = 1; lastKnownFileType = text.xcconfig; name = "Pods-SimpleRSSReaderTests.debug.xcconfig"; path = "Pods/Target Support Files/Pods-SimpleRSSReaderTests/Pods-SimpleRSSReaderTests.debug.xcconfig"; sourceTree = "<group>"; };
		A807E8977E819B96A00AB410 /* Pods.framework */ = {isa = PBXFileReference; explicitFileType = wrapper.framework; includeInIndex = 0; path = Pods.framework; sourceTree = BUILT_PRODUCTS_DIR; };
		B92EBA041C9B9E4A00682E1E /* FeedList.storyboard */ = {isa = PBXFileReference; fileEncoding = 4; lastKnownFileType = file.storyboard; path = FeedList.storyboard; sourceTree = "<group>"; };
		B92EBA061C9B9E5600682E1E /* EntryList.storyboard */ = {isa = PBXFileReference; fileEncoding = 4; lastKnownFileType = file.storyboard; path = EntryList.storyboard; sourceTree = "<group>"; };
		B92EBA431CA02BB800682E1E /* test_sample_atom.xml */ = {isa = PBXFileReference; fileEncoding = 4; lastKnownFileType = text.xml; path = test_sample_atom.xml; sourceTree = "<group>"; };
		B92EBA441CA02BB800682E1E /* test_sample_rss2.0.xml */ = {isa = PBXFileReference; fileEncoding = 4; lastKnownFileType = text.xml; path = test_sample_rss2.0.xml; sourceTree = "<group>"; };
		B92EBA471CA0356400682E1E /* XMLFeedTransformerTests.swift */ = {isa = PBXFileReference; fileEncoding = 4; lastKnownFileType = sourcecode.swift; path = XMLFeedTransformerTests.swift; sourceTree = "<group>"; };
		B92EBA4C1CA03A5400682E1E /* TestCaseBase.swift */ = {isa = PBXFileReference; fileEncoding = 4; lastKnownFileType = sourcecode.swift; path = TestCaseBase.swift; sourceTree = "<group>"; };
		B92EBA4F1CA03C7500682E1E /* FeedTests.swift */ = {isa = PBXFileReference; fileEncoding = 4; lastKnownFileType = sourcecode.swift; path = FeedTests.swift; sourceTree = "<group>"; };
		B94778141C895994005D9380 /* SimpleRSSReader.app */ = {isa = PBXFileReference; explicitFileType = wrapper.application; includeInIndex = 0; path = SimpleRSSReader.app; sourceTree = BUILT_PRODUCTS_DIR; };
		B94778281C895995005D9380 /* SimpleRSSReaderTests.xctest */ = {isa = PBXFileReference; explicitFileType = wrapper.cfbundle; includeInIndex = 0; path = SimpleRSSReaderTests.xctest; sourceTree = BUILT_PRODUCTS_DIR; };
		B947782C1C895995005D9380 /* SimpleRSSReaderTests.swift */ = {isa = PBXFileReference; lastKnownFileType = sourcecode.swift; path = SimpleRSSReaderTests.swift; sourceTree = "<group>"; };
		B947782E1C895995005D9380 /* Info.plist */ = {isa = PBXFileReference; lastKnownFileType = text.plist.xml; path = Info.plist; sourceTree = "<group>"; };
		B94778331C895995005D9380 /* SimpleRSSReaderUITests.xctest */ = {isa = PBXFileReference; explicitFileType = wrapper.cfbundle; includeInIndex = 0; path = SimpleRSSReaderUITests.xctest; sourceTree = BUILT_PRODUCTS_DIR; };
		B94778371C895995005D9380 /* SimpleRSSReaderUITests.swift */ = {isa = PBXFileReference; lastKnownFileType = sourcecode.swift; path = SimpleRSSReaderUITests.swift; sourceTree = "<group>"; };
		B94778391C895995005D9380 /* Info.plist */ = {isa = PBXFileReference; lastKnownFileType = text.plist.xml; path = Info.plist; sourceTree = "<group>"; };
		B947784B1C895A0D005D9380 /* Assets.xcassets */ = {isa = PBXFileReference; lastKnownFileType = folder.assetcatalog; path = Assets.xcassets; sourceTree = "<group>"; };
		B947784C1C895A0D005D9380 /* Info.plist */ = {isa = PBXFileReference; fileEncoding = 4; lastKnownFileType = text.plist.xml; path = Info.plist; sourceTree = "<group>"; };
		B947784D1C895A0D005D9380 /* LaunchScreen.storyboard */ = {isa = PBXFileReference; fileEncoding = 4; lastKnownFileType = file.storyboard; path = LaunchScreen.storyboard; sourceTree = "<group>"; };
		B94778531C895A1E005D9380 /* AppDelegate.swift */ = {isa = PBXFileReference; fileEncoding = 4; lastKnownFileType = sourcecode.swift; path = AppDelegate.swift; sourceTree = "<group>"; };
		B9596C481C905D2E0045227C /* XMLFeedTransformerTransformAtomTests.swift */ = {isa = PBXFileReference; fileEncoding = 4; lastKnownFileType = sourcecode.swift; path = XMLFeedTransformerTransformAtomTests.swift; sourceTree = "<group>"; };
		B9596C4A1C9066D70045227C /* FeedManager.swift */ = {isa = PBXFileReference; fileEncoding = 4; lastKnownFileType = sourcecode.swift; path = FeedManager.swift; sourceTree = "<group>"; };
		B995441C1C8DBCBF00ABD259 /* Entry.swift */ = {isa = PBXFileReference; fileEncoding = 4; lastKnownFileType = sourcecode.swift; path = Entry.swift; sourceTree = "<group>"; };
		B995441E1C8DBCCF00ABD259 /* Feed.swift */ = {isa = PBXFileReference; fileEncoding = 4; lastKnownFileType = sourcecode.swift; path = Feed.swift; sourceTree = "<group>"; };
		B99544251C8DBD4400ABD259 /* XMLFeedTransformable.swift */ = {isa = PBXFileReference; fileEncoding = 4; lastKnownFileType = sourcecode.swift; path = XMLFeedTransformable.swift; sourceTree = "<group>"; };
		B99544271C8DBD4D00ABD259 /* XMLFeedTransformer.swift */ = {isa = PBXFileReference; fileEncoding = 4; lastKnownFileType = sourcecode.swift; path = XMLFeedTransformer.swift; sourceTree = "<group>"; };
		B995442B1C8F18C800ABD259 /* XMLFeedTransformerTransformRSSTests.swift */ = {isa = PBXFileReference; fileEncoding = 4; lastKnownFileType = sourcecode.swift; path = XMLFeedTransformerTransformRSSTests.swift; sourceTree = "<group>"; };
		B9AE26061C96F99C009FB765 /* FeedListViewController.swift */ = {isa = PBXFileReference; fileEncoding = 4; lastKnownFileType = sourcecode.swift; path = FeedListViewController.swift; sourceTree = "<group>"; };
		B9AE26081C96F9A6009FB765 /* EntryListViewController.swift */ = {isa = PBXFileReference; fileEncoding = 4; lastKnownFileType = sourcecode.swift; path = EntryListViewController.swift; sourceTree = "<group>"; };
		B9AE260A1C999754009FB765 /* RealmResultsControllerDefaultDelegate.swift */ = {isa = PBXFileReference; fileEncoding = 4; lastKnownFileType = sourcecode.swift; path = RealmResultsControllerDefaultDelegate.swift; sourceTree = "<group>"; };
		B9AE260C1C99A5E1009FB765 /* EntryListCellView.swift */ = {isa = PBXFileReference; fileEncoding = 4; lastKnownFileType = sourcecode.swift; path = EntryListCellView.swift; sourceTree = "<group>"; };
		B9AE26101C9AE418009FB765 /* FeedListViewCell.swift */ = {isa = PBXFileReference; fileEncoding = 4; lastKnownFileType = sourcecode.swift; path = FeedListViewCell.swift; sourceTree = "<group>"; };
		FB0CC91EC10556E827908FE0 /* Pods_SimpleRSSReaderTests.framework */ = {isa = PBXFileReference; explicitFileType = wrapper.framework; includeInIndex = 0; path = Pods_SimpleRSSReaderTests.framework; sourceTree = BUILT_PRODUCTS_DIR; };
/* End PBXFileReference section */

/* Begin PBXFrameworksBuildPhase section */
		B94778111C895994005D9380 /* Frameworks */ = {
			isa = PBXFrameworksBuildPhase;
			buildActionMask = 2147483647;
			files = (
				75CF0FE95436B28AA89CFBA8 /* Pods.framework in Frameworks */,
			);
			runOnlyForDeploymentPostprocessing = 0;
		};
		B94778251C895995005D9380 /* Frameworks */ = {
			isa = PBXFrameworksBuildPhase;
			buildActionMask = 2147483647;
			files = (
				6A54BEFBA0688EAF8F5A6453 /* Pods_SimpleRSSReaderTests.framework in Frameworks */,
			);
			runOnlyForDeploymentPostprocessing = 0;
		};
		B94778301C895995005D9380 /* Frameworks */ = {
			isa = PBXFrameworksBuildPhase;
			buildActionMask = 2147483647;
			files = (
			);
			runOnlyForDeploymentPostprocessing = 0;
		};
/* End PBXFrameworksBuildPhase section */

/* Begin PBXGroup section */
		3763695BB95A77C6EF9B29C9 /* Pods */ = {
			isa = PBXGroup;
			children = (
				2DD26316B775F6945447F0EE /* Pods.debug.xcconfig */,
				687710A9FB3FE9F2582FF0C9 /* Pods.release.xcconfig */,
				787861779C70CED9E5E4FD9E /* Pods-SimpleRSSReaderTests.debug.xcconfig */,
				3F867ADA3E4885AEF062F6C2 /* Pods-SimpleRSSReaderTests.release.xcconfig */,
			);
			name = Pods;
			sourceTree = "<group>";
		};
		97FD5577A97A271E7D75FD5A /* Frameworks */ = {
			isa = PBXGroup;
			children = (
				A807E8977E819B96A00AB410 /* Pods.framework */,
				FB0CC91EC10556E827908FE0 /* Pods_SimpleRSSReaderTests.framework */,
			);
			name = Frameworks;
			sourceTree = "<group>";
		};
		B92EBA421CA02BB800682E1E /* sampleData */ = {
			isa = PBXGroup;
			children = (
				B92EBA431CA02BB800682E1E /* test_sample_atom.xml */,
				B92EBA441CA02BB800682E1E /* test_sample_rss2.0.xml */,
			);
			path = sampleData;
			sourceTree = "<group>";
		};
		B92EBA4E1CA03C7500682E1E /* models */ = {
			isa = PBXGroup;
			children = (
				B92EBA4F1CA03C7500682E1E /* FeedTests.swift */,
			);
			path = models;
			sourceTree = "<group>";
		};
		B947780B1C895994005D9380 = {
			isa = PBXGroup;
			children = (
				B94778451C8959DA005D9380 /* Classes */,
				B947784A1C8959DA005D9380 /* resources */,
				B947782B1C895995005D9380 /* SimpleRSSReaderTests */,
				B94778361C895995005D9380 /* SimpleRSSReaderUITests */,
				B94778151C895994005D9380 /* Products */,
				3763695BB95A77C6EF9B29C9 /* Pods */,
				97FD5577A97A271E7D75FD5A /* Frameworks */,
			);
			sourceTree = "<group>";
		};
		B94778151C895994005D9380 /* Products */ = {
			isa = PBXGroup;
			children = (
				B94778141C895994005D9380 /* SimpleRSSReader.app */,
				B94778281C895995005D9380 /* SimpleRSSReaderTests.xctest */,
				B94778331C895995005D9380 /* SimpleRSSReaderUITests.xctest */,
			);
			name = Products;
			sourceTree = "<group>";
		};
		B947782B1C895995005D9380 /* SimpleRSSReaderTests */ = {
			isa = PBXGroup;
			children = (
				B947782E1C895995005D9380 /* Info.plist */,
				B99544291C8F18A700ABD259 /* libs */,
				B92EBA4E1CA03C7500682E1E /* models */,
				B92EBA421CA02BB800682E1E /* sampleData */,
				B947782C1C895995005D9380 /* SimpleRSSReaderTests.swift */,
				B92EBA4C1CA03A5400682E1E /* TestCaseBase.swift */,
			);
			path = SimpleRSSReaderTests;
			sourceTree = "<group>";
		};
		B94778361C895995005D9380 /* SimpleRSSReaderUITests */ = {
			isa = PBXGroup;
			children = (
				B94778371C895995005D9380 /* SimpleRSSReaderUITests.swift */,
				B94778391C895995005D9380 /* Info.plist */,
			);
			path = SimpleRSSReaderUITests;
			sourceTree = "<group>";
		};
		B94778451C8959DA005D9380 /* Classes */ = {
			isa = PBXGroup;
			children = (
				B94778531C895A1E005D9380 /* AppDelegate.swift */,
				B94778461C8959DA005D9380 /* controllers */,
				B94778471C8959DA005D9380 /* libs */,
				B94778481C8959DA005D9380 /* models */,
				B94778491C8959DA005D9380 /* views */,
			);
			path = Classes;
			sourceTree = "<group>";
		};
		B94778461C8959DA005D9380 /* controllers */ = {
			isa = PBXGroup;
			children = (
				B9AE26061C96F99C009FB765 /* FeedListViewController.swift */,
				B9AE26081C96F9A6009FB765 /* EntryListViewController.swift */,
			);
			path = controllers;
			sourceTree = "<group>";
		};
		B94778471C8959DA005D9380 /* libs */ = {
			isa = PBXGroup;
			children = (
				B99544241C8DBD3800ABD259 /* XMLFeedTransformer */,
				B9AE260A1C999754009FB765 /* RealmResultsControllerDefaultDelegate.swift */,
			);
			path = libs;
			sourceTree = "<group>";
		};
		B94778481C8959DA005D9380 /* models */ = {
			isa = PBXGroup;
			children = (
				B995441C1C8DBCBF00ABD259 /* Entry.swift */,
				B995441E1C8DBCCF00ABD259 /* Feed.swift */,
				B9596C4A1C9066D70045227C /* FeedManager.swift */,
			);
			path = models;
			sourceTree = "<group>";
		};
		B94778491C8959DA005D9380 /* views */ = {
			isa = PBXGroup;
			children = (
				B9AE260C1C99A5E1009FB765 /* EntryListCellView.swift */,
				B9AE26101C9AE418009FB765 /* FeedListViewCell.swift */,
			);
			path = views;
			sourceTree = "<group>";
		};
		B947784A1C8959DA005D9380 /* resources */ = {
			isa = PBXGroup;
			children = (
				B947784B1C895A0D005D9380 /* Assets.xcassets */,
				B92EBA061C9B9E5600682E1E /* EntryList.storyboard */,
				B92EBA041C9B9E4A00682E1E /* FeedList.storyboard */,
				B947784C1C895A0D005D9380 /* Info.plist */,
				B947784D1C895A0D005D9380 /* LaunchScreen.storyboard */,
			);
			path = resources;
			sourceTree = "<group>";
		};
		B99544241C8DBD3800ABD259 /* XMLFeedTransformer */ = {
			isa = PBXGroup;
			children = (
				B99544251C8DBD4400ABD259 /* XMLFeedTransformable.swift */,
				B99544271C8DBD4D00ABD259 /* XMLFeedTransformer.swift */,
			);
			path = XMLFeedTransformer;
			sourceTree = "<group>";
		};
		B99544291C8F18A700ABD259 /* libs */ = {
			isa = PBXGroup;
			children = (
				B995442A1C8F18A700ABD259 /* XMLFeedTransformer */,
			);
			path = libs;
			sourceTree = "<group>";
		};
		B995442A1C8F18A700ABD259 /* XMLFeedTransformer */ = {
			isa = PBXGroup;
			children = (
				B92EBA471CA0356400682E1E /* XMLFeedTransformerTests.swift */,
				B9596C481C905D2E0045227C /* XMLFeedTransformerTransformAtomTests.swift */,
				B995442B1C8F18C800ABD259 /* XMLFeedTransformerTransformRSSTests.swift */,
			);
			path = XMLFeedTransformer;
			sourceTree = "<group>";
		};
/* End PBXGroup section */

/* Begin PBXNativeTarget section */
		B94778131C895994005D9380 /* SimpleRSSReader */ = {
			isa = PBXNativeTarget;
			buildConfigurationList = B947783C1C895995005D9380 /* Build configuration list for PBXNativeTarget "SimpleRSSReader" */;
			buildPhases = (
				6E497ABB14A556A03B0E0060 /* Check Pods Manifest.lock */,
				B94778101C895994005D9380 /* Sources */,
				B94778111C895994005D9380 /* Frameworks */,
				B94778121C895994005D9380 /* Resources */,
				28BB70597EDC2548ECD9B4D3 /* Embed Pods Frameworks */,
				106E19F25303927830FB5672 /* Copy Pods Resources */,
			);
			buildRules = (
			);
			dependencies = (
			);
			name = SimpleRSSReader;
			productName = SimpleRSSReader;
			productReference = B94778141C895994005D9380 /* SimpleRSSReader.app */;
			productType = "com.apple.product-type.application";
		};
		B94778271C895995005D9380 /* SimpleRSSReaderTests */ = {
			isa = PBXNativeTarget;
			buildConfigurationList = B947783F1C895995005D9380 /* Build configuration list for PBXNativeTarget "SimpleRSSReaderTests" */;
			buildPhases = (
				68E75933C3A31DD4EFFCAF4C /* Check Pods Manifest.lock */,
				B94778241C895995005D9380 /* Sources */,
				B94778251C895995005D9380 /* Frameworks */,
				B94778261C895995005D9380 /* Resources */,
				8BBB5E25C1E2307CF704CAF9 /* Embed Pods Frameworks */,
				FFAD6BAA875A428A93BA1820 /* Copy Pods Resources */,
			);
			buildRules = (
			);
			dependencies = (
				B947782A1C895995005D9380 /* PBXTargetDependency */,
			);
			name = SimpleRSSReaderTests;
			productName = SimpleRSSReaderTests;
			productReference = B94778281C895995005D9380 /* SimpleRSSReaderTests.xctest */;
			productType = "com.apple.product-type.bundle.unit-test";
		};
		B94778321C895995005D9380 /* SimpleRSSReaderUITests */ = {
			isa = PBXNativeTarget;
			buildConfigurationList = B94778421C895995005D9380 /* Build configuration list for PBXNativeTarget "SimpleRSSReaderUITests" */;
			buildPhases = (
				B947782F1C895995005D9380 /* Sources */,
				B94778301C895995005D9380 /* Frameworks */,
				B94778311C895995005D9380 /* Resources */,
			);
			buildRules = (
			);
			dependencies = (
				B94778351C895995005D9380 /* PBXTargetDependency */,
			);
			name = SimpleRSSReaderUITests;
			productName = SimpleRSSReaderUITests;
			productReference = B94778331C895995005D9380 /* SimpleRSSReaderUITests.xctest */;
			productType = "com.apple.product-type.bundle.ui-testing";
		};
/* End PBXNativeTarget section */

/* Begin PBXProject section */
		B947780C1C895994005D9380 /* Project object */ = {
			isa = PBXProject;
			attributes = {
				LastSwiftUpdateCheck = 0720;
				LastUpgradeCheck = 0720;
				ORGANIZATIONNAME = "aill inc";
				TargetAttributes = {
					B94778131C895994005D9380 = {
						CreatedOnToolsVersion = 7.2.1;
					};
					B94778271C895995005D9380 = {
						CreatedOnToolsVersion = 7.2.1;
						TestTargetID = B94778131C895994005D9380;
					};
					B94778321C895995005D9380 = {
						CreatedOnToolsVersion = 7.2.1;
						TestTargetID = B94778131C895994005D9380;
					};
				};
			};
			buildConfigurationList = B947780F1C895994005D9380 /* Build configuration list for PBXProject "SimpleRSSReader" */;
			compatibilityVersion = "Xcode 3.2";
			developmentRegion = English;
			hasScannedForEncodings = 0;
			knownRegions = (
				en,
				Base,
			);
			mainGroup = B947780B1C895994005D9380;
			productRefGroup = B94778151C895994005D9380 /* Products */;
			projectDirPath = "";
			projectRoot = "";
			targets = (
				B94778131C895994005D9380 /* SimpleRSSReader */,
				B94778271C895995005D9380 /* SimpleRSSReaderTests */,
				B94778321C895995005D9380 /* SimpleRSSReaderUITests */,
			);
		};
/* End PBXProject section */

/* Begin PBXResourcesBuildPhase section */
		B94778121C895994005D9380 /* Resources */ = {
			isa = PBXResourcesBuildPhase;
			buildActionMask = 2147483647;
			files = (
				B94778511C895A0D005D9380 /* LaunchScreen.storyboard in Resources */,
				B947784F1C895A0D005D9380 /* Assets.xcassets in Resources */,
				B92EBA071C9B9E5600682E1E /* EntryList.storyboard in Resources */,
				B92EBA051C9B9E4A00682E1E /* FeedList.storyboard in Resources */,
			);
			runOnlyForDeploymentPostprocessing = 0;
		};
		B94778261C895995005D9380 /* Resources */ = {
			isa = PBXResourcesBuildPhase;
			buildActionMask = 2147483647;
			files = (
				B92EBA451CA02BB800682E1E /* test_sample_atom.xml in Resources */,
				B92EBA461CA02BB800682E1E /* test_sample_rss2.0.xml in Resources */,
			);
			runOnlyForDeploymentPostprocessing = 0;
		};
		B94778311C895995005D9380 /* Resources */ = {
			isa = PBXResourcesBuildPhase;
			buildActionMask = 2147483647;
			files = (
			);
			runOnlyForDeploymentPostprocessing = 0;
		};
/* End PBXResourcesBuildPhase section */

/* Begin PBXShellScriptBuildPhase section */
		106E19F25303927830FB5672 /* Copy Pods Resources */ = {
			isa = PBXShellScriptBuildPhase;
			buildActionMask = 2147483647;
			files = (
			);
			inputPaths = (
			);
			name = "Copy Pods Resources";
			outputPaths = (
			);
			runOnlyForDeploymentPostprocessing = 0;
			shellPath = /bin/sh;
			shellScript = "\"${SRCROOT}/Pods/Target Support Files/Pods/Pods-resources.sh\"\n";
			showEnvVarsInLog = 0;
		};
		28BB70597EDC2548ECD9B4D3 /* Embed Pods Frameworks */ = {
			isa = PBXShellScriptBuildPhase;
			buildActionMask = 2147483647;
			files = (
			);
			inputPaths = (
			);
			name = "Embed Pods Frameworks";
			outputPaths = (
			);
			runOnlyForDeploymentPostprocessing = 0;
			shellPath = /bin/sh;
			shellScript = "\"${SRCROOT}/Pods/Target Support Files/Pods/Pods-frameworks.sh\"\n";
			showEnvVarsInLog = 0;
		};
		68E75933C3A31DD4EFFCAF4C /* Check Pods Manifest.lock */ = {
			isa = PBXShellScriptBuildPhase;
			buildActionMask = 2147483647;
			files = (
			);
			inputPaths = (
			);
			name = "Check Pods Manifest.lock";
			outputPaths = (
			);
			runOnlyForDeploymentPostprocessing = 0;
			shellPath = /bin/sh;
			shellScript = "diff \"${PODS_ROOT}/../Podfile.lock\" \"${PODS_ROOT}/Manifest.lock\" > /dev/null\nif [[ $? != 0 ]] ; then\n    cat << EOM\nerror: The sandbox is not in sync with the Podfile.lock. Run 'pod install' or update your CocoaPods installation.\nEOM\n    exit 1\nfi\n";
			showEnvVarsInLog = 0;
		};
		6E497ABB14A556A03B0E0060 /* Check Pods Manifest.lock */ = {
			isa = PBXShellScriptBuildPhase;
			buildActionMask = 2147483647;
			files = (
			);
			inputPaths = (
			);
			name = "Check Pods Manifest.lock";
			outputPaths = (
			);
			runOnlyForDeploymentPostprocessing = 0;
			shellPath = /bin/sh;
			shellScript = "diff \"${PODS_ROOT}/../Podfile.lock\" \"${PODS_ROOT}/Manifest.lock\" > /dev/null\nif [[ $? != 0 ]] ; then\n    cat << EOM\nerror: The sandbox is not in sync with the Podfile.lock. Run 'pod install' or update your CocoaPods installation.\nEOM\n    exit 1\nfi\n";
			showEnvVarsInLog = 0;
		};
		8BBB5E25C1E2307CF704CAF9 /* Embed Pods Frameworks */ = {
			isa = PBXShellScriptBuildPhase;
			buildActionMask = 2147483647;
			files = (
			);
			inputPaths = (
			);
			name = "Embed Pods Frameworks";
			outputPaths = (
			);
			runOnlyForDeploymentPostprocessing = 0;
			shellPath = /bin/sh;
			shellScript = "\"${SRCROOT}/Pods/Target Support Files/Pods-SimpleRSSReaderTests/Pods-SimpleRSSReaderTests-frameworks.sh\"\n";
			showEnvVarsInLog = 0;
		};
		FFAD6BAA875A428A93BA1820 /* Copy Pods Resources */ = {
			isa = PBXShellScriptBuildPhase;
			buildActionMask = 2147483647;
			files = (
			);
			inputPaths = (
			);
			name = "Copy Pods Resources";
			outputPaths = (
			);
			runOnlyForDeploymentPostprocessing = 0;
			shellPath = /bin/sh;
			shellScript = "\"${SRCROOT}/Pods/Target Support Files/Pods-SimpleRSSReaderTests/Pods-SimpleRSSReaderTests-resources.sh\"\n";
			showEnvVarsInLog = 0;
		};
/* End PBXShellScriptBuildPhase section */

/* Begin PBXSourcesBuildPhase section */
		B94778101C895994005D9380 /* Sources */ = {
			isa = PBXSourcesBuildPhase;
			buildActionMask = 2147483647;
			files = (
				B9AE260B1C999754009FB765 /* RealmResultsControllerDefaultDelegate.swift in Sources */,
				B995441D1C8DBCBF00ABD259 /* Entry.swift in Sources */,
				B9AE26111C9AE418009FB765 /* FeedListViewCell.swift in Sources */,
				B995441F1C8DBCCF00ABD259 /* Feed.swift in Sources */,
				B99544281C8DBD4D00ABD259 /* XMLFeedTransformer.swift in Sources */,
				B9596C4B1C9066D70045227C /* FeedManager.swift in Sources */,
				B99544261C8DBD4400ABD259 /* XMLFeedTransformable.swift in Sources */,
				B9AE26071C96F99C009FB765 /* FeedListViewController.swift in Sources */,
				B9AE260D1C99A5E1009FB765 /* EntryListCellView.swift in Sources */,
				B94778541C895A1E005D9380 /* AppDelegate.swift in Sources */,
				B9AE26091C96F9A6009FB765 /* EntryListViewController.swift in Sources */,
			);
			runOnlyForDeploymentPostprocessing = 0;
		};
		B94778241C895995005D9380 /* Sources */ = {
			isa = PBXSourcesBuildPhase;
			buildActionMask = 2147483647;
			files = (
				B9596C491C905D2E0045227C /* XMLFeedTransformerTransformAtomTests.swift in Sources */,
				B947782D1C895995005D9380 /* SimpleRSSReaderTests.swift in Sources */,
				B995442C1C8F18C800ABD259 /* XMLFeedTransformerTransformRSSTests.swift in Sources */,
				B92EBA501CA03C7500682E1E /* FeedTests.swift in Sources */,
				B92EBA481CA0356400682E1E /* XMLFeedTransformerTests.swift in Sources */,
				B92EBA4D1CA03A5400682E1E /* TestCaseBase.swift in Sources */,
			);
			runOnlyForDeploymentPostprocessing = 0;
		};
		B947782F1C895995005D9380 /* Sources */ = {
			isa = PBXSourcesBuildPhase;
			buildActionMask = 2147483647;
			files = (
				B94778381C895995005D9380 /* SimpleRSSReaderUITests.swift in Sources */,
			);
			runOnlyForDeploymentPostprocessing = 0;
		};
/* End PBXSourcesBuildPhase section */

/* Begin PBXTargetDependency section */
		B947782A1C895995005D9380 /* PBXTargetDependency */ = {
			isa = PBXTargetDependency;
			target = B94778131C895994005D9380 /* SimpleRSSReader */;
			targetProxy = B94778291C895995005D9380 /* PBXContainerItemProxy */;
		};
		B94778351C895995005D9380 /* PBXTargetDependency */ = {
			isa = PBXTargetDependency;
			target = B94778131C895994005D9380 /* SimpleRSSReader */;
			targetProxy = B94778341C895995005D9380 /* PBXContainerItemProxy */;
		};
/* End PBXTargetDependency section */

/* Begin XCBuildConfiguration section */
		B947783A1C895995005D9380 /* Debug */ = {
			isa = XCBuildConfiguration;
			buildSettings = {
				ALWAYS_SEARCH_USER_PATHS = NO;
				CLANG_CXX_LANGUAGE_STANDARD = "gnu++0x";
				CLANG_CXX_LIBRARY = "libc++";
				CLANG_ENABLE_MODULES = YES;
				CLANG_ENABLE_OBJC_ARC = YES;
				CLANG_WARN_BOOL_CONVERSION = YES;
				CLANG_WARN_CONSTANT_CONVERSION = YES;
				CLANG_WARN_DIRECT_OBJC_ISA_USAGE = YES_ERROR;
				CLANG_WARN_EMPTY_BODY = YES;
				CLANG_WARN_ENUM_CONVERSION = YES;
				CLANG_WARN_INT_CONVERSION = YES;
				CLANG_WARN_OBJC_ROOT_CLASS = YES_ERROR;
				CLANG_WARN_UNREACHABLE_CODE = YES;
				CLANG_WARN__DUPLICATE_METHOD_MATCH = YES;
				"CODE_SIGN_IDENTITY[sdk=iphoneos*]" = "iPhone Developer";
				COPY_PHASE_STRIP = NO;
				DEBUG_INFORMATION_FORMAT = dwarf;
				ENABLE_STRICT_OBJC_MSGSEND = YES;
				ENABLE_TESTABILITY = YES;
				GCC_C_LANGUAGE_STANDARD = gnu99;
				GCC_DYNAMIC_NO_PIC = NO;
				GCC_NO_COMMON_BLOCKS = YES;
				GCC_OPTIMIZATION_LEVEL = 0;
				GCC_PREPROCESSOR_DEFINITIONS = (
					"DEBUG=1",
					"$(inherited)",
				);
				GCC_WARN_64_TO_32_BIT_CONVERSION = YES;
				GCC_WARN_ABOUT_RETURN_TYPE = YES_ERROR;
				GCC_WARN_UNDECLARED_SELECTOR = YES;
				GCC_WARN_UNINITIALIZED_AUTOS = YES_AGGRESSIVE;
				GCC_WARN_UNUSED_FUNCTION = YES;
				GCC_WARN_UNUSED_VARIABLE = YES;
				IPHONEOS_DEPLOYMENT_TARGET = 9.2;
				MTL_ENABLE_DEBUG_INFO = YES;
				ONLY_ACTIVE_ARCH = YES;
				SDKROOT = iphoneos;
				SWIFT_OPTIMIZATION_LEVEL = "-Onone";
			};
			name = Debug;
		};
		B947783B1C895995005D9380 /* Release */ = {
			isa = XCBuildConfiguration;
			buildSettings = {
				ALWAYS_SEARCH_USER_PATHS = NO;
				CLANG_CXX_LANGUAGE_STANDARD = "gnu++0x";
				CLANG_CXX_LIBRARY = "libc++";
				CLANG_ENABLE_MODULES = YES;
				CLANG_ENABLE_OBJC_ARC = YES;
				CLANG_WARN_BOOL_CONVERSION = YES;
				CLANG_WARN_CONSTANT_CONVERSION = YES;
				CLANG_WARN_DIRECT_OBJC_ISA_USAGE = YES_ERROR;
				CLANG_WARN_EMPTY_BODY = YES;
				CLANG_WARN_ENUM_CONVERSION = YES;
				CLANG_WARN_INT_CONVERSION = YES;
				CLANG_WARN_OBJC_ROOT_CLASS = YES_ERROR;
				CLANG_WARN_UNREACHABLE_CODE = YES;
				CLANG_WARN__DUPLICATE_METHOD_MATCH = YES;
				"CODE_SIGN_IDENTITY[sdk=iphoneos*]" = "iPhone Developer";
				COPY_PHASE_STRIP = NO;
				DEBUG_INFORMATION_FORMAT = "dwarf-with-dsym";
				ENABLE_NS_ASSERTIONS = NO;
				ENABLE_STRICT_OBJC_MSGSEND = YES;
				GCC_C_LANGUAGE_STANDARD = gnu99;
				GCC_NO_COMMON_BLOCKS = YES;
				GCC_WARN_64_TO_32_BIT_CONVERSION = YES;
				GCC_WARN_ABOUT_RETURN_TYPE = YES_ERROR;
				GCC_WARN_UNDECLARED_SELECTOR = YES;
				GCC_WARN_UNINITIALIZED_AUTOS = YES_AGGRESSIVE;
				GCC_WARN_UNUSED_FUNCTION = YES;
				GCC_WARN_UNUSED_VARIABLE = YES;
				IPHONEOS_DEPLOYMENT_TARGET = 9.2;
				MTL_ENABLE_DEBUG_INFO = NO;
				SDKROOT = iphoneos;
				VALIDATE_PRODUCT = YES;
			};
			name = Release;
		};
		B947783D1C895995005D9380 /* Debug */ = {
			isa = XCBuildConfiguration;
			baseConfigurationReference = 2DD26316B775F6945447F0EE /* Pods.debug.xcconfig */;
			buildSettings = {
				ASSETCATALOG_COMPILER_APPICON_NAME = AppIcon;
				CLANG_ENABLE_MODULES = YES;
				INFOPLIST_FILE = resources/Info.plist;
				LD_RUNPATH_SEARCH_PATHS = "$(inherited) @executable_path/Frameworks";
				PRODUCT_BUNDLE_IDENTIFIER = org.aill.SimpleRSSReader;
				PRODUCT_NAME = "$(TARGET_NAME)";
				SWIFT_OPTIMIZATION_LEVEL = "-Onone";
			};
			name = Debug;
		};
		B947783E1C895995005D9380 /* Release */ = {
			isa = XCBuildConfiguration;
			baseConfigurationReference = 687710A9FB3FE9F2582FF0C9 /* Pods.release.xcconfig */;
			buildSettings = {
				ASSETCATALOG_COMPILER_APPICON_NAME = AppIcon;
				CLANG_ENABLE_MODULES = YES;
				INFOPLIST_FILE = resources/Info.plist;
				LD_RUNPATH_SEARCH_PATHS = "$(inherited) @executable_path/Frameworks";
				PRODUCT_BUNDLE_IDENTIFIER = org.aill.SimpleRSSReader;
				PRODUCT_NAME = "$(TARGET_NAME)";
			};
			name = Release;
		};
		B94778401C895995005D9380 /* Debug */ = {
			isa = XCBuildConfiguration;
			baseConfigurationReference = 787861779C70CED9E5E4FD9E /* Pods-SimpleRSSReaderTests.debug.xcconfig */;
			buildSettings = {
				BUNDLE_LOADER = "$(TEST_HOST)";
				INFOPLIST_FILE = SimpleRSSReaderTests/Info.plist;
				LD_RUNPATH_SEARCH_PATHS = "$(inherited) @executable_path/Frameworks @loader_path/Frameworks";
				PRODUCT_BUNDLE_IDENTIFIER = org.aill.SimpleRSSReaderTests;
				PRODUCT_NAME = "$(TARGET_NAME)";
				TEST_HOST = "$(BUILT_PRODUCTS_DIR)/SimpleRSSReader.app/SimpleRSSReader";
			};
			name = Debug;
		};
		B94778411C895995005D9380 /* Release */ = {
			isa = XCBuildConfiguration;
			baseConfigurationReference = 3F867ADA3E4885AEF062F6C2 /* Pods-SimpleRSSReaderTests.release.xcconfig */;
			buildSettings = {
				BUNDLE_LOADER = "$(TEST_HOST)";
				INFOPLIST_FILE = SimpleRSSReaderTests/Info.plist;
				LD_RUNPATH_SEARCH_PATHS = "$(inherited) @executable_path/Frameworks @loader_path/Frameworks";
				PRODUCT_BUNDLE_IDENTIFIER = org.aill.SimpleRSSReaderTests;
				PRODUCT_NAME = "$(TARGET_NAME)";
				TEST_HOST = "$(BUILT_PRODUCTS_DIR)/SimpleRSSReader.app/SimpleRSSReader";
			};
			name = Release;
		};
		B94778431C895995005D9380 /* Debug */ = {
			isa = XCBuildConfiguration;
			buildSettings = {
				INFOPLIST_FILE = SimpleRSSReaderUITests/Info.plist;
				LD_RUNPATH_SEARCH_PATHS = "$(inherited) @executable_path/Frameworks @loader_path/Frameworks";
				PRODUCT_BUNDLE_IDENTIFIER = org.aill.SimpleRSSReaderUITests;
				PRODUCT_NAME = "$(TARGET_NAME)";
				TEST_TARGET_NAME = SimpleRSSReader;
				USES_XCTRUNNER = YES;
			};
			name = Debug;
		};
		B94778441C895995005D9380 /* Release */ = {
			isa = XCBuildConfiguration;
			buildSettings = {
				INFOPLIST_FILE = SimpleRSSReaderUITests/Info.plist;
				LD_RUNPATH_SEARCH_PATHS = "$(inherited) @executable_path/Frameworks @loader_path/Frameworks";
				PRODUCT_BUNDLE_IDENTIFIER = org.aill.SimpleRSSReaderUITests;
				PRODUCT_NAME = "$(TARGET_NAME)";
				TEST_TARGET_NAME = SimpleRSSReader;
				USES_XCTRUNNER = YES;
			};
			name = Release;
		};
/* End XCBuildConfiguration section */

/* Begin XCConfigurationList section */
		B947780F1C895994005D9380 /* Build configuration list for PBXProject "SimpleRSSReader" */ = {
			isa = XCConfigurationList;
			buildConfigurations = (
				B947783A1C895995005D9380 /* Debug */,
				B947783B1C895995005D9380 /* Release */,
			);
			defaultConfigurationIsVisible = 0;
			defaultConfigurationName = Release;
		};
		B947783C1C895995005D9380 /* Build configuration list for PBXNativeTarget "SimpleRSSReader" */ = {
			isa = XCConfigurationList;
			buildConfigurations = (
				B947783D1C895995005D9380 /* Debug */,
				B947783E1C895995005D9380 /* Release */,
			);
			defaultConfigurationIsVisible = 0;
			defaultConfigurationName = Release;
		};
		B947783F1C895995005D9380 /* Build configuration list for PBXNativeTarget "SimpleRSSReaderTests" */ = {
			isa = XCConfigurationList;
			buildConfigurations = (
				B94778401C895995005D9380 /* Debug */,
				B94778411C895995005D9380 /* Release */,
			);
			defaultConfigurationIsVisible = 0;
			defaultConfigurationName = Release;
		};
		B94778421C895995005D9380 /* Build configuration list for PBXNativeTarget "SimpleRSSReaderUITests" */ = {
			isa = XCConfigurationList;
			buildConfigurations = (
				B94778431C895995005D9380 /* Debug */,
				B94778441C895995005D9380 /* Release */,
			);
			defaultConfigurationIsVisible = 0;
			defaultConfigurationName = Release;
		};
/* End XCConfigurationList section */
	};
	rootObject = B947780C1C895994005D9380 /* Project object */;
}
